// !$*UTF8*$!
{
	archiveVersion = 1;
	classes = {
	};
	objectVersion = 46;
	objects = {

/* Begin PBXBuildFile section */
		25E4896D1897377E009F9372 /* Foundation.framework in Frameworks */ = {isa = PBXBuildFile; fileRef = 25E4896C1897377E009F9372 /* Foundation.framework */; };
		25E4896F1897377E009F9372 /* CoreGraphics.framework in Frameworks */ = {isa = PBXBuildFile; fileRef = 25E4896E1897377E009F9372 /* CoreGraphics.framework */; };
		25E489711897377E009F9372 /* UIKit.framework in Frameworks */ = {isa = PBXBuildFile; fileRef = 25E489701897377E009F9372 /* UIKit.framework */; };
		25E489771897377E009F9372 /* InfoPlist.strings in Resources */ = {isa = PBXBuildFile; fileRef = 25E489751897377E009F9372 /* InfoPlist.strings */; };
		25E489791897377E009F9372 /* main.m in Sources */ = {isa = PBXBuildFile; fileRef = 25E489781897377E009F9372 /* main.m */; };
		25E4897D1897377E009F9372 /* Test1pgm1AppDelegate.m in Sources */ = {isa = PBXBuildFile; fileRef = 25E4897C1897377E009F9372 /* Test1pgm1AppDelegate.m */; };
		25E489801897377E009F9372 /* Main.storyboard in Resources */ = {isa = PBXBuildFile; fileRef = 25E4897E1897377E009F9372 /* Main.storyboard */; };
		25E489831897377E009F9372 /* Test1pgm1ViewController.m in Sources */ = {isa = PBXBuildFile; fileRef = 25E489821897377E009F9372 /* Test1pgm1ViewController.m */; };
		25E489851897377E009F9372 /* Images.xcassets in Resources */ = {isa = PBXBuildFile; fileRef = 25E489841897377E009F9372 /* Images.xcassets */; };
		25E4898C1897377E009F9372 /* XCTest.framework in Frameworks */ = {isa = PBXBuildFile; fileRef = 25E4898B1897377E009F9372 /* XCTest.framework */; };
		25E4898D1897377E009F9372 /* Foundation.framework in Frameworks */ = {isa = PBXBuildFile; fileRef = 25E4896C1897377E009F9372 /* Foundation.framework */; };
		25E4898E1897377E009F9372 /* UIKit.framework in Frameworks */ = {isa = PBXBuildFile; fileRef = 25E489701897377E009F9372 /* UIKit.framework */; };
		25E489961897377E009F9372 /* InfoPlist.strings in Resources */ = {isa = PBXBuildFile; fileRef = 25E489941897377E009F9372 /* InfoPlist.strings */; };
		25E489981897377E009F9372 /* Test1pgm1Tests.m in Sources */ = {isa = PBXBuildFile; fileRef = 25E489971897377E009F9372 /* Test1pgm1Tests.m */; };
/* End PBXBuildFile section */

/* Begin PBXContainerItemProxy section */
		25E4898F1897377E009F9372 /* PBXContainerItemProxy */ = {
			isa = PBXContainerItemProxy;
			containerPortal = 25E489611897377E009F9372 /* Project object */;
			proxyType = 1;
			remoteGlobalIDString = 25E489681897377E009F9372;
			remoteInfo = Test1pgm1;
		};
/* End PBXContainerItemProxy section */

/* Begin PBXFileReference section */
		25E489691897377E009F9372 /* Test1pgm1.app */ = {isa = PBXFileReference; explicitFileType = wrapper.application; includeInIndex = 0; path = Test1pgm1.app; sourceTree = BUILT_PRODUCTS_DIR; };
		25E4896C1897377E009F9372 /* Foundation.framework */ = {isa = PBXFileReference; lastKnownFileType = wrapper.framework; name = Foundation.framework; path = System/Library/Frameworks/Foundation.framework; sourceTree = SDKROOT; };
		25E4896E1897377E009F9372 /* CoreGraphics.framework */ = {isa = PBXFileReference; lastKnownFileType = wrapper.framework; name = CoreGraphics.framework; path = System/Library/Frameworks/CoreGraphics.framework; sourceTree = SDKROOT; };
		25E489701897377E009F9372 /* UIKit.framework */ = {isa = PBXFileReference; lastKnownFileType = wrapper.framework; name = UIKit.framework; path = System/Library/Frameworks/UIKit.framework; sourceTree = SDKROOT; };
		25E489741897377E009F9372 /* Test1pgm1-Info.plist */ = {isa = PBXFileReference; lastKnownFileType = text.plist.xml; path = "Test1pgm1-Info.plist"; sourceTree = "<group>"; };
		25E489761897377E009F9372 /* en */ = {isa = PBXFileReference; lastKnownFileType = text.plist.strings; name = en; path = en.lproj/InfoPlist.strings; sourceTree = "<group>"; };
		25E489781897377E009F9372 /* main.m */ = {isa = PBXFileReference; lastKnownFileType = sourcecode.c.objc; path = main.m; sourceTree = "<group>"; };
		25E4897A1897377E009F9372 /* Test1pgm1-Prefix.pch */ = {isa = PBXFileReference; lastKnownFileType = sourcecode.c.h; path = "Test1pgm1-Prefix.pch"; sourceTree = "<group>"; };
		25E4897B1897377E009F9372 /* Test1pgm1AppDelegate.h */ = {isa = PBXFileReference; lastKnownFileType = sourcecode.c.h; path = Test1pgm1AppDelegate.h; sourceTree = "<group>"; };
		25E4897C1897377E009F9372 /* Test1pgm1AppDelegate.m */ = {isa = PBXFileReference; lastKnownFileType = sourcecode.c.objc; path = Test1pgm1AppDelegate.m; sourceTree = "<group>"; };
		25E4897F1897377E009F9372 /* Base */ = {isa = PBXFileReference; lastKnownFileType = file.storyboard; name = Base; path = Base.lproj/Main.storyboard; sourceTree = "<group>"; };
		25E489811897377E009F9372 /* Test1pgm1ViewController.h */ = {isa = PBXFileReference; lastKnownFileType = sourcecode.c.h; path = Test1pgm1ViewController.h; sourceTree = "<group>"; };
		25E489821897377E009F9372 /* Test1pgm1ViewController.m */ = {isa = PBXFileReference; lastKnownFileType = sourcecode.c.objc; path = Test1pgm1ViewController.m; sourceTree = "<group>"; };
		25E489841897377E009F9372 /* Images.xcassets */ = {isa = PBXFileReference; lastKnownFileType = folder.assetcatalog; path = Images.xcassets; sourceTree = "<group>"; };
		25E4898A1897377E009F9372 /* Test1pgm1Tests.xctest */ = {isa = PBXFileReference; explicitFileType = wrapper.cfbundle; includeInIndex = 0; path = Test1pgm1Tests.xctest; sourceTree = BUILT_PRODUCTS_DIR; };
		25E4898B1897377E009F9372 /* XCTest.framework */ = {isa = PBXFileReference; lastKnownFileType = wrapper.framework; name = XCTest.framework; path = Library/Frameworks/XCTest.framework; sourceTree = DEVELOPER_DIR; };
		25E489931897377E009F9372 /* Test1pgm1Tests-Info.plist */ = {isa = PBXFileReference; lastKnownFileType = text.plist.xml; path = "Test1pgm1Tests-Info.plist"; sourceTree = "<group>"; };
		25E489951897377E009F9372 /* en */ = {isa = PBXFileReference; lastKnownFileType = text.plist.strings; name = en; path = en.lproj/InfoPlist.strings; sourceTree = "<group>"; };
		25E489971897377E009F9372 /* Test1pgm1Tests.m */ = {isa = PBXFileReference; lastKnownFileType = sourcecode.c.objc; path = Test1pgm1Tests.m; sourceTree = "<group>"; };
/* End PBXFileReference section */

/* Begin PBXFrameworksBuildPhase section */
		25E489661897377E009F9372 /* Frameworks */ = {
			isa = PBXFrameworksBuildPhase;
			buildActionMask = 2147483647;
			files = (
				25E4896F1897377E009F9372 /* CoreGraphics.framework in Frameworks */,
				25E489711897377E009F9372 /* UIKit.framework in Frameworks */,
				25E4896D1897377E009F9372 /* Foundation.framework in Frameworks */,
			);
			runOnlyForDeploymentPostprocessing = 0;
		};
		25E489871897377E009F9372 /* Frameworks */ = {
			isa = PBXFrameworksBuildPhase;
			buildActionMask = 2147483647;
			files = (
				25E4898C1897377E009F9372 /* XCTest.framework in Frameworks */,
				25E4898E1897377E009F9372 /* UIKit.framework in Frameworks */,
				25E4898D1897377E009F9372 /* Foundation.framework in Frameworks */,
			);
			runOnlyForDeploymentPostprocessing = 0;
		};
/* End PBXFrameworksBuildPhase section */

/* Begin PBXGroup section */
		25E489601897377E009F9372 = {
			isa = PBXGroup;
			children = (
				25E489721897377E009F9372 /* Test1pgm1 */,
				25E489911897377E009F9372 /* Test1pgm1Tests */,
				25E4896B1897377E009F9372 /* Frameworks */,
				25E4896A1897377E009F9372 /* Products */,
			);
			sourceTree = "<group>";
		};
		25E4896A1897377E009F9372 /* Products */ = {
			isa = PBXGroup;
			children = (
				25E489691897377E009F9372 /* Test1pgm1.app */,
				25E4898A1897377E009F9372 /* Test1pgm1Tests.xctest */,
			);
			name = Products;
			sourceTree = "<group>";
		};
		25E4896B1897377E009F9372 /* Frameworks */ = {
			isa = PBXGroup;
			children = (
				25E4896C1897377E009F9372 /* Foundation.framework */,
				25E4896E1897377E009F9372 /* CoreGraphics.framework */,
				25E489701897377E009F9372 /* UIKit.framework */,
				25E4898B1897377E009F9372 /* XCTest.framework */,
			);
			name = Frameworks;
			sourceTree = "<group>";
		};
		25E489721897377E009F9372 /* Test1pgm1 */ = {
			isa = PBXGroup;
			children = (
				25E4897B1897377E009F9372 /* Test1pgm1AppDelegate.h */,
				25E4897C1897377E009F9372 /* Test1pgm1AppDelegate.m */,
				25E4897E1897377E009F9372 /* Main.storyboard */,
				25E489811897377E009F9372 /* Test1pgm1ViewController.h */,
				25E489821897377E009F9372 /* Test1pgm1ViewController.m */,
				25E489841897377E009F9372 /* Images.xcassets */,
				25E489731897377E009F9372 /* Supporting Files */,
			);
			path = Test1pgm1;
			sourceTree = "<group>";
		};
		25E489731897377E009F9372 /* Supporting Files */ = {
			isa = PBXGroup;
			children = (
				25E489741897377E009F9372 /* Test1pgm1-Info.plist */,
				25E489751897377E009F9372 /* InfoPlist.strings */,
				25E489781897377E009F9372 /* main.m */,
				25E4897A1897377E009F9372 /* Test1pgm1-Prefix.pch */,
			);
			name = "Supporting Files";
			sourceTree = "<group>";
		};
		25E489911897377E009F9372 /* Test1pgm1Tests */ = {
			isa = PBXGroup;
			children = (
				25E489971897377E009F9372 /* Test1pgm1Tests.m */,
				25E489921897377E009F9372 /* Supporting Files */,
			);
			path = Test1pgm1Tests;
			sourceTree = "<group>";
		};
		25E489921897377E009F9372 /* Supporting Files */ = {
			isa = PBXGroup;
			children = (
				25E489931897377E009F9372 /* Test1pgm1Tests-Info.plist */,
				25E489941897377E009F9372 /* InfoPlist.strings */,
			);
			name = "Supporting Files";
			sourceTree = "<group>";
		};
/* End PBXGroup section */

/* Begin PBXNativeTarget section */
		25E489681897377E009F9372 /* Test1pgm1 */ = {
			isa = PBXNativeTarget;
			buildConfigurationList = 25E4899B1897377E009F9372 /* Build configuration list for PBXNativeTarget "Test1pgm1" */;
			buildPhases = (
				25E489651897377E009F9372 /* Sources */,
				25E489661897377E009F9372 /* Frameworks */,
				25E489671897377E009F9372 /* Resources */,
			);
			buildRules = (
			);
			dependencies = (
			);
			name = Test1pgm1;
			productName = Test1pgm1;
			productReference = 25E489691897377E009F9372 /* Test1pgm1.app */;
			productType = "com.apple.product-type.application";
		};
		25E489891897377E009F9372 /* Test1pgm1Tests */ = {
			isa = PBXNativeTarget;
			buildConfigurationList = 25E4899E1897377E009F9372 /* Build configuration list for PBXNativeTarget "Test1pgm1Tests" */;
			buildPhases = (
				25E489861897377E009F9372 /* Sources */,
				25E489871897377E009F9372 /* Frameworks */,
				25E489881897377E009F9372 /* Resources */,
			);
			buildRules = (
			);
			dependencies = (
				25E489901897377E009F9372 /* PBXTargetDependency */,
			);
			name = Test1pgm1Tests;
			productName = Test1pgm1Tests;
			productReference = 25E4898A1897377E009F9372 /* Test1pgm1Tests.xctest */;
			productType = "com.apple.product-type.bundle.unit-test";
		};
/* End PBXNativeTarget section */

/* Begin PBXProject section */
		25E489611897377E009F9372 /* Project object */ = {
			isa = PBXProject;
			attributes = {
				CLASSPREFIX = Test1pgm1;
				LastUpgradeCheck = 0500;
				ORGANIZATIONNAME = "Arek Bolton";
				TargetAttributes = {
					25E489891897377E009F9372 = {
						TestTargetID = 25E489681897377E009F9372;
					};
				};
			};
			buildConfigurationList = 25E489641897377E009F9372 /* Build configuration list for PBXProject "Test1pgm1" */;
			compatibilityVersion = "Xcode 3.2";
			developmentRegion = English;
			hasScannedForEncodings = 0;
			knownRegions = (
				en,
				Base,
			);
			mainGroup = 25E489601897377E009F9372;
			productRefGroup = 25E4896A1897377E009F9372 /* Products */;
			projectDirPath = "";
			projectRoot = "";
			targets = (
				25E489681897377E009F9372 /* Test1pgm1 */,
				25E489891897377E009F9372 /* Test1pgm1Tests */,
			);
		};
/* End PBXProject section */

/* Begin PBXResourcesBuildPhase section */
		25E489671897377E009F9372 /* Resources */ = {
			isa = PBXResourcesBuildPhase;
			buildActionMask = 2147483647;
			files = (
				25E489851897377E009F9372 /* Images.xcassets in Resources */,
				25E489771897377E009F9372 /* InfoPlist.strings in Resources */,
				25E489801897377E009F9372 /* Main.storyboard in Resources */,
			);
			runOnlyForDeploymentPostprocessing = 0;
		};
		25E489881897377E009F9372 /* Resources */ = {
			isa = PBXResourcesBuildPhase;
			buildActionMask = 2147483647;
			files = (
				25E489961897377E009F9372 /* InfoPlist.strings in Resources */,
			);
			runOnlyForDeploymentPostprocessing = 0;
		};
/* End PBXResourcesBuildPhase section */

/* Begin PBXSourcesBuildPhase section */
		25E489651897377E009F9372 /* Sources */ = {
			isa = PBXSourcesBuildPhase;
			buildActionMask = 2147483647;
			files = (
				25E489831897377E009F9372 /* Test1pgm1ViewController.m in Sources */,
				25E489791897377E009F9372 /* main.m in Sources */,
				25E4897D1897377E009F9372 /* Test1pgm1AppDelegate.m in Sources */,
			);
			runOnlyForDeploymentPostprocessing = 0;
		};
		25E489861897377E009F9372 /* Sources */ = {
			isa = PBXSourcesBuildPhase;
			buildActionMask = 2147483647;
			files = (
				25E489981897377E009F9372 /* Test1pgm1Tests.m in Sources */,
			);
			runOnlyForDeploymentPostprocessing = 0;
		};
/* End PBXSourcesBuildPhase section */

/* Begin PBXTargetDependency section */
		25E489901897377E009F9372 /* PBXTargetDependency */ = {
			isa = PBXTargetDependency;
			target = 25E489681897377E009F9372 /* Test1pgm1 */;
			targetProxy = 25E4898F1897377E009F9372 /* PBXContainerItemProxy */;
		};
/* End PBXTargetDependency section */

/* Begin PBXVariantGroup section */
		25E489751897377E009F9372 /* InfoPlist.strings */ = {
			isa = PBXVariantGroup;
			children = (
				25E489761897377E009F9372 /* en */,
			);
			name = InfoPlist.strings;
			sourceTree = "<group>";
		};
		25E4897E1897377E009F9372 /* Main.storyboard */ = {
			isa = PBXVariantGroup;
			children = (
				25E4897F1897377E009F9372 /* Base */,
			);
			name = Main.storyboard;
			sourceTree = "<group>";
		};
		25E489941897377E009F9372 /* InfoPlist.strings */ = {
			isa = PBXVariantGroup;
			children = (
				25E489951897377E009F9372 /* en */,
			);
			name = InfoPlist.strings;
			sourceTree = "<group>";
		};
/* End PBXVariantGroup section */

/* Begin XCBuildConfiguration section */
		25E489991897377E009F9372 /* Debug */ = {
			isa = XCBuildConfiguration;
			buildSettings = {
				ALWAYS_SEARCH_USER_PATHS = NO;
				ARCHS = "$(ARCHS_STANDARD_INCLUDING_64_BIT)";
				CLANG_CXX_LANGUAGE_STANDARD = "gnu++0x";
				CLANG_CXX_LIBRARY = "libc++";
				CLANG_ENABLE_MODULES = YES;
				CLANG_ENABLE_OBJC_ARC = YES;
				CLANG_WARN_BOOL_CONVERSION = YES;
				CLANG_WARN_CONSTANT_CONVERSION = YES;
				CLANG_WARN_DIRECT_OBJC_ISA_USAGE = YES_ERROR;
				CLANG_WARN_EMPTY_BODY = YES;
				CLANG_WARN_ENUM_CONVERSION = YES;
				CLANG_WARN_INT_CONVERSION = YES;
				CLANG_WARN_OBJC_ROOT_CLASS = YES_ERROR;
				CLANG_WARN__DUPLICATE_METHOD_MATCH = YES;
				"CODE_SIGN_IDENTITY[sdk=iphoneos*]" = "iPhone Developer";
				COPY_PHASE_STRIP = NO;
				GCC_C_LANGUAGE_STANDARD = gnu99;
				GCC_DYNAMIC_NO_PIC = NO;
				GCC_OPTIMIZATION_LEVEL = 0;
				GCC_PREPROCESSOR_DEFINITIONS = (
					"DEBUG=1",
					"$(inherited)",
				);
				GCC_SYMBOLS_PRIVATE_EXTERN = NO;
				GCC_WARN_64_TO_32_BIT_CONVERSION = YES;
				GCC_WARN_ABOUT_RETURN_TYPE = YES_ERROR;
				GCC_WARN_UNDECLARED_SELECTOR = YES;
				GCC_WARN_UNINITIALIZED_AUTOS = YES;
				GCC_WARN_UNUSED_FUNCTION = YES;
				GCC_WARN_UNUSED_VARIABLE = YES;
				IPHONEOS_DEPLOYMENT_TARGET = 7.0;
				ONLY_ACTIVE_ARCH = YES;
				SDKROOT = iphoneos;
			};
			name = Debug;
		};
		25E4899A1897377E009F9372 /* Release */ = {
			isa = XCBuildConfiguration;
			buildSettings = {
				ALWAYS_SEARCH_USER_PATHS = NO;
				ARCHS = "$(ARCHS_STANDARD_INCLUDING_64_BIT)";
				CLANG_CXX_LANGUAGE_STANDARD = "gnu++0x";
				CLANG_CXX_LIBRARY = "libc++";
				CLANG_ENABLE_MODULES = YES;
				CLANG_ENABLE_OBJC_ARC = YES;
				CLANG_WARN_BOOL_CONVERSION = YES;
				CLANG_WARN_CONSTANT_CONVERSION = YES;
				CLANG_WARN_DIRECT_OBJC_ISA_USAGE = YES_ERROR;
				CLANG_WARN_EMPTY_BODY = YES;
				CLANG_WARN_ENUM_CONVERSION = YES;
				CLANG_WARN_INT_CONVERSION = YES;
				CLANG_WARN_OBJC_ROOT_CLASS = YES_ERROR;
				CLANG_WARN__DUPLICATE_METHOD_MATCH = YES;
				"CODE_SIGN_IDENTITY[sdk=iphoneos*]" = "iPhone Developer";
				COPY_PHASE_STRIP = YES;
				ENABLE_NS_ASSERTIONS = NO;
				GCC_C_LANGUAGE_STANDARD = gnu99;
				GCC_WARN_64_TO_32_BIT_CONVERSION = YES;
				GCC_WARN_ABOUT_RETURN_TYPE = YES_ERROR;
				GCC_WARN_UNDECLARED_SELECTOR = YES;
				GCC_WARN_UNINITIALIZED_AUTOS = YES;
				GCC_WARN_UNUSED_FUNCTION = YES;
				GCC_WARN_UNUSED_VARIABLE = YES;
				IPHONEOS_DEPLOYMENT_TARGET = 7.0;
				SDKROOT = iphoneos;
				VALIDATE_PRODUCT = YES;
			};
			name = Release;
		};
		25E4899C1897377E009F9372 /* Debug */ = {
			isa = XCBuildConfiguration;
			buildSettings = {
				ASSETCATALOG_COMPILER_APPICON_NAME = AppIcon;
				ASSETCATALOG_COMPILER_LAUNCHIMAGE_NAME = LaunchImage;
				GCC_PRECOMPILE_PREFIX_HEADER = YES;
				GCC_PREFIX_HEADER = "Test1pgm1/Test1pgm1-Prefix.pch";
				INFOPLIST_FILE = "Test1pgm1/Test1pgm1-Info.plist";
				PRODUCT_NAME = "$(TARGET_NAME)";
				WRAPPER_EXTENSION = app;
			};
			name = Debug;
		};
		25E4899D1897377E009F9372 /* Release */ = {
			isa = XCBuildConfiguration;
			buildSettings = {
				ASSETCATALOG_COMPILER_APPICON_NAME = AppIcon;
				ASSETCATALOG_COMPILER_LAUNCHIMAGE_NAME = LaunchImage;
				GCC_PRECOMPILE_PREFIX_HEADER = YES;
				GCC_PREFIX_HEADER = "Test1pgm1/Test1pgm1-Prefix.pch";
				INFOPLIST_FILE = "Test1pgm1/Test1pgm1-Info.plist";
				PRODUCT_NAME = "$(TARGET_NAME)";
				WRAPPER_EXTENSION = app;
			};
			name = Release;
		};
		25E4899F1897377E009F9372 /* Debug */ = {
			isa = XCBuildConfiguration;
			buildSettings = {
				ARCHS = "$(ARCHS_STANDARD_INCLUDING_64_BIT)";
				BUNDLE_LOADER = "$(BUILT_PRODUCTS_DIR)/Test1pgm1.app/Test1pgm1";
				FRAMEWORK_SEARCH_PATHS = (
					"$(SDKROOT)/Developer/Library/Frameworks",
					"$(inherited)",
					"$(DEVELOPER_FRAMEWORKS_DIR)",
				);
				GCC_PRECOMPILE_PREFIX_HEADER = YES;
				GCC_PREFIX_HEADER = "Test1pgm1/Test1pgm1-Prefix.pch";
				GCC_PREPROCESSOR_DEFINITIONS = (
					"DEBUG=1",
					"$(inherited)",
				);
				INFOPLIST_FILE = "Test1pgm1Tests/Test1pgm1Tests-Info.plist";
				PRODUCT_NAME = "$(TARGET_NAME)";
				TEST_HOST = "$(BUNDLE_LOADER)";
				WRAPPER_EXTENSION = xctest;
			};
			name = Debug;
		};
		25E489A01897377E009F9372 /* Release */ = {
			isa = XCBuildConfiguration;
			buildSettings = {
				ARCHS = "$(ARCHS_STANDARD_INCLUDING_64_BIT)";
				BUNDLE_LOADER = "$(BUILT_PRODUCTS_DIR)/Test1pgm1.app/Test1pgm1";
				FRAMEWORK_SEARCH_PATHS = (
					"$(SDKROOT)/Developer/Library/Frameworks",
					"$(inherited)",
					"$(DEVELOPER_FRAMEWORKS_DIR)",
				);
				GCC_PRECOMPILE_PREFIX_HEADER = YES;
				GCC_PREFIX_HEADER = "Test1pgm1/Test1pgm1-Prefix.pch";
				INFOPLIST_FILE = "Test1pgm1Tests/Test1pgm1Tests-Info.plist";
				PRODUCT_NAME = "$(TARGET_NAME)";
				TEST_HOST = "$(BUNDLE_LOADER)";
				WRAPPER_EXTENSION = xctest;
			};
			name = Release;
		};
/* End XCBuildConfiguration section */

/* Begin XCConfigurationList section */
		25E489641897377E009F9372 /* Build configuration list for PBXProject "Test1pgm1" */ = {
			isa = XCConfigurationList;
			buildConfigurations = (
				25E489991897377E009F9372 /* Debug */,
				25E4899A1897377E009F9372 /* Release */,
			);
			defaultConfigurationIsVisible = 0;
			defaultConfigurationName = Release;
		};
		25E4899B1897377E009F9372 /* Build configuration list for PBXNativeTarget "Test1pgm1" */ = {
			isa = XCConfigurationList;
			buildConfigurations = (
				25E4899C1897377E009F9372 /* Debug */,
				25E4899D1897377E009F9372 /* Release */,
			);
			defaultConfigurationIsVisible = 0;
		};
		25E4899E1897377E009F9372 /* Build configuration list for PBXNativeTarget "Test1pgm1Tests" */ = {
			isa = XCConfigurationList;
			buildConfigurations = (
				25E4899F1897377E009F9372 /* Debug */,
				25E489A01897377E009F9372 /* Release */,
			);
			defaultConfigurationIsVisible = 0;
		};
/* End XCConfigurationList section */
	};
	rootObject = 25E489611897377E009F9372 /* Project object */;
}
